
Microsoft Visual Studio Solution File, Format Version 12.00
# Visual Studio Version 17
VisualStudioVersion = 17.14.37502.11 d17.14
MinimumVisualStudioVersion = 10.0.40219.1
Project("{FAE04EC0-301F-11D3-BF4B-00C04F79EFBC}") = "Management-Tycoon", "Management-Tycoon.csproj", "{02039948-1309-4953-B432-8BEF508F3CFB}"
EndProject
Global
	GlobalSection(SolutionConfigurationPlatforms) = preSolution
		Debug|Any CPU = Debug|Any CPU
		Release|Any CPU = Release|Any CPU
	EndGlobalSection
	GlobalSection(ProjectConfigurationPlatforms) = postSolution
		{02039948-1309-4953-B432-8BEF508F3CFB}.Debug|Any CPU.ActiveCfg = Debug|Any CPU
		{02039948-1309-4953-B432-8BEF508F3CFB}.Debug|Any CPU.Build.0 = Debug|Any CPU
		{02039948-1309-4953-B432-8BEF508F3CFB}.Release|Any CPU.ActiveCfg = Release|Any CPU
		{02039948-1309-4953-B432-8BEF508F3CFB}.Release|Any CPU.Build.0 = Release|Any CPU
	EndGlobalSection
	GlobalSection(SolutionProperties) = preSolution
		HideSolutionNode = FALSE
	EndGlobalSection
	GlobalSection(ExtensibilityGlobals) = postSolution
		SolutionGuid = {82ABFB93-E8A6-4B66-8ABA-F40AF9003F15}
	EndGlobalSection
EndGlobal
